<Solution>
  <Folder Name="/src/">
    <Project Path="src/AI.Sentinel.AspNetCore/AI.Sentinel.AspNetCore.csproj" />
    <Project Path="src/AI.Sentinel/AI.Sentinel.csproj" />
    <Project Path="src/AI.Sentinel.Cli/AI.Sentinel.Cli.csproj" />
    <Project Path="src/AI.Sentinel.ClaudeCode/AI.Sentinel.ClaudeCode.csproj" />
    <Project Path="src/AI.Sentinel.ClaudeCode.Cli/AI.Sentinel.ClaudeCode.Cli.csproj" />
    <Project Path="src/AI.Sentinel.Copilot/AI.Sentinel.Copilot.csproj" />
    <Project Path="src/AI.Sentinel.Copilot.Cli/AI.Sentinel.Copilot.Cli.csproj" />
    <Project Path="src/AI.Sentinel.Mcp/AI.Sentinel.Mcp.csproj" />
    <Project Path="src/AI.Sentinel.Mcp.Cli/AI.Sentinel.Mcp.Cli.csproj" />
    <Project Path="src/AI.Sentinel.Sqlite/AI.Sentinel.Sqlite.csproj" />
    <Project Path="src/AI.Sentinel.AzureSentinel/AI.Sentinel.AzureSentinel.csproj" />
    <Project Path="src/AI.Sentinel.OpenTelemetry/AI.Sentinel.OpenTelemetry.csproj" />
    <Project Path="src/AI.Sentinel.Detectors.Sdk/AI.Sentinel.Detectors.Sdk.csproj" />
  </Folder>
  <Folder Name="/tests/">
    <Project Path="tests/AI.Sentinel.Tests/AI.Sentinel.Tests.csproj" />
    <Project Path="tests/AI.Sentinel.Sqlite.Tests/AI.Sentinel.Sqlite.Tests.csproj" />
    <Project Path="tests/AI.Sentinel.AzureSentinel.Tests/AI.Sentinel.AzureSentinel.Tests.csproj" />
    <Project Path="tests/AI.Sentinel.OpenTelemetry.Tests/AI.Sentinel.OpenTelemetry.Tests.csproj" />
    <Project Path="tests/AI.Sentinel.Detectors.Sdk.Tests/AI.Sentinel.Detectors.Sdk.Tests.csproj" />
  </Folder>
</Solution>
